
Microsoft Visual Studio Solution File, Format Version 12.00
# Visual Studio Version 17
VisualStudioVersion = 17.10.35122.118
MinimumVisualStudioVersion = 10.0.40219.1
Project("{FAE04EC0-301F-11D3-BF4B-00C04F79EFBC}") = "repeticao02", "repeticao02\repeticao02.csproj", "{21874CFA-B328-4C0B-A34E-894650B1AE5A}"
EndProject
Global
	GlobalSection(SolutionConfigurationPlatforms) = preSolution
		Debug|Any CPU = Debug|Any CPU
		Release|Any CPU = Release|Any CPU
	EndGlobalSection
	GlobalSection(ProjectConfigurationPlatforms) = postSolution
		{21874CFA-B328-4C0B-A34E-894650B1AE5A}.Debug|Any CPU.ActiveCfg = Debug|Any CPU
		{21874CFA-B328-4C0B-A34E-894650B1AE5A}.Debug|Any CPU.Build.0 = Debug|Any CPU
		{21874CFA-B328-4C0B-A34E-894650B1AE5A}.Release|Any CPU.ActiveCfg = Release|Any CPU
		{21874CFA-B328-4C0B-A34E-894650B1AE5A}.Release|Any CPU.Build.0 = Release|Any CPU
	EndGlobalSection
	GlobalSection(SolutionProperties) = preSolution
		HideSolutionNode = FALSE
	EndGlobalSection
	GlobalSection(ExtensibilityGlobals) = postSolution
		SolutionGuid = {F4E14102-277F-427C-BFF2-7BF3FBF91472}
	EndGlobalSection
EndGlobal
