
Microsoft Visual Studio Solution File, Format Version 12.00
# Visual Studio Version 17
VisualStudioVersion = 17.10.35122.118
MinimumVisualStudioVersion = 10.0.40219.1
Project("{FAE04EC0-301F-11D3-BF4B-00C04F79EFBC}") = "repeticao03", "repeticao03\repeticao03.csproj", "{FB78B97B-BA21-4B15-BC30-047CDD45530D}"
EndProject
Global
	GlobalSection(SolutionConfigurationPlatforms) = preSolution
		Debug|Any CPU = Debug|Any CPU
		Release|Any CPU = Release|Any CPU
	EndGlobalSection
	GlobalSection(ProjectConfigurationPlatforms) = postSolution
		{FB78B97B-BA21-4B15-BC30-047CDD45530D}.Debug|Any CPU.ActiveCfg = Debug|Any CPU
		{FB78B97B-BA21-4B15-BC30-047CDD45530D}.Debug|Any CPU.Build.0 = Debug|Any CPU
		{FB78B97B-BA21-4B15-BC30-047CDD45530D}.Release|Any CPU.ActiveCfg = Release|Any CPU
		{FB78B97B-BA21-4B15-BC30-047CDD45530D}.Release|Any CPU.Build.0 = Release|Any CPU
	EndGlobalSection
	GlobalSection(SolutionProperties) = preSolution
		HideSolutionNode = FALSE
	EndGlobalSection
	GlobalSection(ExtensibilityGlobals) = postSolution
		SolutionGuid = {6F40EF43-F1A7-41C6-B04B-73CDC05BC5B2}
	EndGlobalSection
EndGlobal
