
Microsoft Visual Studio Solution File, Format Version 12.00
# Visual Studio Version 17
VisualStudioVersion = 17.10.35122.118
MinimumVisualStudioVersion = 10.0.40219.1
Project("{FAE04EC0-301F-11D3-BF4B-00C04F79EFBC}") = "repeticao10", "repeticao10\repeticao10.csproj", "{61B32C46-CF96-4764-8C90-39B5B8F440EE}"
EndProject
Global
	GlobalSection(SolutionConfigurationPlatforms) = preSolution
		Debug|Any CPU = Debug|Any CPU
		Release|Any CPU = Release|Any CPU
	EndGlobalSection
	GlobalSection(ProjectConfigurationPlatforms) = postSolution
		{61B32C46-CF96-4764-8C90-39B5B8F440EE}.Debug|Any CPU.ActiveCfg = Debug|Any CPU
		{61B32C46-CF96-4764-8C90-39B5B8F440EE}.Debug|Any CPU.Build.0 = Debug|Any CPU
		{61B32C46-CF96-4764-8C90-39B5B8F440EE}.Release|Any CPU.ActiveCfg = Release|Any CPU
		{61B32C46-CF96-4764-8C90-39B5B8F440EE}.Release|Any CPU.Build.0 = Release|Any CPU
	EndGlobalSection
	GlobalSection(SolutionProperties) = preSolution
		HideSolutionNode = FALSE
	EndGlobalSection
	GlobalSection(ExtensibilityGlobals) = postSolution
		SolutionGuid = {40F68A23-76E2-44DA-87BF-9CA9D2B4028E}
	EndGlobalSection
EndGlobal
