
Microsoft Visual Studio Solution File, Format Version 12.00
# Visual Studio Version 17
VisualStudioVersion = 17.10.35122.118
MinimumVisualStudioVersion = 10.0.40219.1
Project("{FAE04EC0-301F-11D3-BF4B-00C04F79EFBC}") = "repeticao11", "repeticao11\repeticao11.csproj", "{B4D9AB81-C920-4652-86C0-41DA894A652E}"
EndProject
Global
	GlobalSection(SolutionConfigurationPlatforms) = preSolution
		Debug|Any CPU = Debug|Any CPU
		Release|Any CPU = Release|Any CPU
	EndGlobalSection
	GlobalSection(ProjectConfigurationPlatforms) = postSolution
		{B4D9AB81-C920-4652-86C0-41DA894A652E}.Debug|Any CPU.ActiveCfg = Debug|Any CPU
		{B4D9AB81-C920-4652-86C0-41DA894A652E}.Debug|Any CPU.Build.0 = Debug|Any CPU
		{B4D9AB81-C920-4652-86C0-41DA894A652E}.Release|Any CPU.ActiveCfg = Release|Any CPU
		{B4D9AB81-C920-4652-86C0-41DA894A652E}.Release|Any CPU.Build.0 = Release|Any CPU
	EndGlobalSection
	GlobalSection(SolutionProperties) = preSolution
		HideSolutionNode = FALSE
	EndGlobalSection
	GlobalSection(ExtensibilityGlobals) = postSolution
		SolutionGuid = {4FB7EA00-41BD-40F0-8A80-4570078CCDF5}
	EndGlobalSection
EndGlobal
