
Microsoft Visual Studio Solution File, Format Version 12.00
# Visual Studio Version 17
VisualStudioVersion = 17.10.35122.118
MinimumVisualStudioVersion = 10.0.40219.1
Project("{FAE04EC0-301F-11D3-BF4B-00C04F79EFBC}") = "repeticao05", "repeticao05\repeticao05.csproj", "{A2016E1D-E9AA-4480-8BFF-69AE6143ECFB}"
EndProject
Global
	GlobalSection(SolutionConfigurationPlatforms) = preSolution
		Debug|Any CPU = Debug|Any CPU
		Release|Any CPU = Release|Any CPU
	EndGlobalSection
	GlobalSection(ProjectConfigurationPlatforms) = postSolution
		{A2016E1D-E9AA-4480-8BFF-69AE6143ECFB}.Debug|Any CPU.ActiveCfg = Debug|Any CPU
		{A2016E1D-E9AA-4480-8BFF-69AE6143ECFB}.Debug|Any CPU.Build.0 = Debug|Any CPU
		{A2016E1D-E9AA-4480-8BFF-69AE6143ECFB}.Release|Any CPU.ActiveCfg = Release|Any CPU
		{A2016E1D-E9AA-4480-8BFF-69AE6143ECFB}.Release|Any CPU.Build.0 = Release|Any CPU
	EndGlobalSection
	GlobalSection(SolutionProperties) = preSolution
		HideSolutionNode = FALSE
	EndGlobalSection
	GlobalSection(ExtensibilityGlobals) = postSolution
		SolutionGuid = {54D9E5CD-9B9D-44C4-98C3-EF86F7AB2984}
	EndGlobalSection
EndGlobal
