
Microsoft Visual Studio Solution File, Format Version 12.00
# Visual Studio Version 17
VisualStudioVersion = 17.10.35122.118
MinimumVisualStudioVersion = 10.0.40219.1
Project("{FAE04EC0-301F-11D3-BF4B-00C04F79EFBC}") = "repeticao01", "repeticao01\repeticao01.csproj", "{43A9EB58-E5C6-43DF-896E-D4E3DD3038DB}"
EndProject
Global
	GlobalSection(SolutionConfigurationPlatforms) = preSolution
		Debug|Any CPU = Debug|Any CPU
		Release|Any CPU = Release|Any CPU
	EndGlobalSection
	GlobalSection(ProjectConfigurationPlatforms) = postSolution
		{43A9EB58-E5C6-43DF-896E-D4E3DD3038DB}.Debug|Any CPU.ActiveCfg = Debug|Any CPU
		{43A9EB58-E5C6-43DF-896E-D4E3DD3038DB}.Debug|Any CPU.Build.0 = Debug|Any CPU
		{43A9EB58-E5C6-43DF-896E-D4E3DD3038DB}.Release|Any CPU.ActiveCfg = Release|Any CPU
		{43A9EB58-E5C6-43DF-896E-D4E3DD3038DB}.Release|Any CPU.Build.0 = Release|Any CPU
	EndGlobalSection
	GlobalSection(SolutionProperties) = preSolution
		HideSolutionNode = FALSE
	EndGlobalSection
	GlobalSection(ExtensibilityGlobals) = postSolution
		SolutionGuid = {232356F6-95D8-4175-81EF-F79156518203}
	EndGlobalSection
EndGlobal
