
Microsoft Visual Studio Solution File, Format Version 12.00
# Visual Studio Version 17
VisualStudioVersion = 17.10.35122.118
MinimumVisualStudioVersion = 10.0.40219.1
Project("{FAE04EC0-301F-11D3-BF4B-00C04F79EFBC}") = "repeticao07", "repeticao07\repeticao07.csproj", "{2234F7F6-099B-4D7C-AB0F-BDF8ED71CD7A}"
EndProject
Global
	GlobalSection(SolutionConfigurationPlatforms) = preSolution
		Debug|Any CPU = Debug|Any CPU
		Release|Any CPU = Release|Any CPU
	EndGlobalSection
	GlobalSection(ProjectConfigurationPlatforms) = postSolution
		{2234F7F6-099B-4D7C-AB0F-BDF8ED71CD7A}.Debug|Any CPU.ActiveCfg = Debug|Any CPU
		{2234F7F6-099B-4D7C-AB0F-BDF8ED71CD7A}.Debug|Any CPU.Build.0 = Debug|Any CPU
		{2234F7F6-099B-4D7C-AB0F-BDF8ED71CD7A}.Release|Any CPU.ActiveCfg = Release|Any CPU
		{2234F7F6-099B-4D7C-AB0F-BDF8ED71CD7A}.Release|Any CPU.Build.0 = Release|Any CPU
	EndGlobalSection
	GlobalSection(SolutionProperties) = preSolution
		HideSolutionNode = FALSE
	EndGlobalSection
	GlobalSection(ExtensibilityGlobals) = postSolution
		SolutionGuid = {18CCE29B-F4D1-43EA-B7FA-45BDFCEAC6C5}
	EndGlobalSection
EndGlobal
